
Microsoft Visual Studio Solution File, Format Version 12.00
# Visual Studio Version 16
VisualStudioVersion = 16.0.31911.196
MinimumVisualStudioVersion = 10.0.40219.1
Project("{FAE04EC0-301F-11D3-BF4B-00C04F79EFBC}") = "ededlerin cemi", "ededlerin cemi\ededlerin cemi.csproj", "{B1E017E4-11F1-41C1-9802-B154CC92109E}"
EndProject
Global
	GlobalSection(SolutionConfigurationPlatforms) = preSolution
		Debug|Any CPU = Debug|Any CPU
		Release|Any CPU = Release|Any CPU
	EndGlobalSection
	GlobalSection(ProjectConfigurationPlatforms) = postSolution
		{B1E017E4-11F1-41C1-9802-B154CC92109E}.Debug|Any CPU.ActiveCfg = Debug|Any CPU
		{B1E017E4-11F1-41C1-9802-B154CC92109E}.Debug|Any CPU.Build.0 = Debug|Any CPU
		{B1E017E4-11F1-41C1-9802-B154CC92109E}.Release|Any CPU.ActiveCfg = Release|Any CPU
		{B1E017E4-11F1-41C1-9802-B154CC92109E}.Release|Any CPU.Build.0 = Release|Any CPU
	EndGlobalSection
	GlobalSection(SolutionProperties) = preSolution
		HideSolutionNode = FALSE
	EndGlobalSection
	GlobalSection(ExtensibilityGlobals) = postSolution
		SolutionGuid = {0654B020-56F0-4D0D-89BF-2C6C1367C3C2}
	EndGlobalSection
EndGlobal
