
Microsoft Visual Studio Solution File, Format Version 12.00
# Visual Studio Version 16
VisualStudioVersion = 16.0.31911.196
MinimumVisualStudioVersion = 10.0.40219.1
Project("{FAE04EC0-301F-11D3-BF4B-00C04F79EFBC}") = "fesillerin tapilmasi", "fesillerin tapilmasi\fesillerin tapilmasi.csproj", "{5FEC3DEC-CE05-4B77-9AF8-38E4439AE538}"
EndProject
Global
	GlobalSection(SolutionConfigurationPlatforms) = preSolution
		Debug|Any CPU = Debug|Any CPU
		Release|Any CPU = Release|Any CPU
	EndGlobalSection
	GlobalSection(ProjectConfigurationPlatforms) = postSolution
		{5FEC3DEC-CE05-4B77-9AF8-38E4439AE538}.Debug|Any CPU.ActiveCfg = Debug|Any CPU
		{5FEC3DEC-CE05-4B77-9AF8-38E4439AE538}.Debug|Any CPU.Build.0 = Debug|Any CPU
		{5FEC3DEC-CE05-4B77-9AF8-38E4439AE538}.Release|Any CPU.ActiveCfg = Release|Any CPU
		{5FEC3DEC-CE05-4B77-9AF8-38E4439AE538}.Release|Any CPU.Build.0 = Release|Any CPU
	EndGlobalSection
	GlobalSection(SolutionProperties) = preSolution
		HideSolutionNode = FALSE
	EndGlobalSection
	GlobalSection(ExtensibilityGlobals) = postSolution
		SolutionGuid = {2348CC19-BB53-4192-937D-6C6C212F5CA4}
	EndGlobalSection
EndGlobal
